PODS:
  - UsergridSDK (2.1.0)

DEPENDENCIES:
  - UsergridSDK (from `https://github.com/RobertWalsh/UsergridSDK`)

EXTERNAL SOURCES:
  UsergridSDK:
    :git: https://github.com/RobertWalsh/UsergridSDK

CHECKOUT OPTIONS:
  UsergridSDK:
    :commit: 91b057ca9f862bfde960c452b195a0807c2a3d3c
    :git: https://github.com/RobertWalsh/UsergridSDK

SPEC CHECKSUMS:
  UsergridSDK: 53f500699d4869a344a91ee403c4231c8327cb51

COCOAPODS: 0.39.0
