PODS:
  - SlackTextViewController (1.8)
  - UsergridSDK (0.0.2)

DEPENDENCIES:
  - SlackTextViewController
  - UsergridSDK (from `https://github.com/RobertWalsh/UsergridSDK`)

EXTERNAL SOURCES:
  UsergridSDK:
    :git: https://github.com/RobertWalsh/UsergridSDK

CHECKOUT OPTIONS:
  UsergridSDK:
    :commit: 4e6c4cec0c0e16ae9866664bb74189fe0c6ca5e5
    :git: https://github.com/RobertWalsh/UsergridSDK

SPEC CHECKSUMS:
  SlackTextViewController: 0300adee2931fdbe72488990336f0937dbed048e
  UsergridSDK: ec1a17b24129d95e63ef39e51fc4e00091a43b57

COCOAPODS: 0.39.0
